
Microsoft Visual Studio Solution File, Format Version 12.00
# Visual Studio Version 16
VisualStudioVersion = 16.0.31624.102
MinimumVisualStudioVersion = 10.0.40219.1
Project("{9A19103F-16F7-4668-BE54-9A1E7A4F7556}") = "IMDB_API_Project", "IMDB_API_Project\IMDB_API_Project.csproj", "{D3131B37-E361-40ED-A9A1-B12F8E28423B}"
EndProject
Project("{FAE04EC0-301F-11D3-BF4B-00C04F79EFBC}") = "IMDB_API_Project.Test", "IMDB_API_Project.Test\IMDB_API_Project.Test.csproj", "{6F107756-7964-47C7-9924-CCBCA742DFB5}"
EndProject
Global
	GlobalSection(SolutionConfigurationPlatforms) = preSolution
		Debug|Any CPU = Debug|Any CPU
		Release|Any CPU = Release|Any CPU
	EndGlobalSection
	GlobalSection(ProjectConfigurationPlatforms) = postSolution
		{D3131B37-E361-40ED-A9A1-B12F8E28423B}.Debug|Any CPU.ActiveCfg = Debug|Any CPU
		{D3131B37-E361-40ED-A9A1-B12F8E28423B}.Debug|Any CPU.Build.0 = Debug|Any CPU
		{D3131B37-E361-40ED-A9A1-B12F8E28423B}.Release|Any CPU.ActiveCfg = Release|Any CPU
		{D3131B37-E361-40ED-A9A1-B12F8E28423B}.Release|Any CPU.Build.0 = Release|Any CPU
		{6F107756-7964-47C7-9924-CCBCA742DFB5}.Debug|Any CPU.ActiveCfg = Debug|Any CPU
		{6F107756-7964-47C7-9924-CCBCA742DFB5}.Debug|Any CPU.Build.0 = Debug|Any CPU
		{6F107756-7964-47C7-9924-CCBCA742DFB5}.Release|Any CPU.ActiveCfg = Release|Any CPU
		{6F107756-7964-47C7-9924-CCBCA742DFB5}.Release|Any CPU.Build.0 = Release|Any CPU
	EndGlobalSection
	GlobalSection(SolutionProperties) = preSolution
		HideSolutionNode = FALSE
	EndGlobalSection
	GlobalSection(ExtensibilityGlobals) = postSolution
		SolutionGuid = {BF91CC3C-7A5A-4A14-B392-D3804A4A2904}
	EndGlobalSection
EndGlobal
